
Microsoft Visual Studio Solution File, Format Version 11.00
# Visual C++ Express 2010
Project("{8BC9CEB8-8B4A-11D0-8D11-00A0C91BC942}") = "uhub", "uhub.vcxproj", "{98D8BFE9-DACD-40E1-B7BE-C9079ABF832E}"
	ProjectSection(ProjectDependencies) = postProject
		{0A3C1519-D877-47D9-A82E-40AC1BC79D75} = {0A3C1519-D877-47D9-A82E-40AC1BC79D75}
	EndProjectSection
EndProject
Project("{8BC9CEB8-8B4A-11D0-8D11-00A0C91BC942}") = "uhub_utils", "uhub_utils\uhub_utils.vcxproj", "{0A3C1519-D877-47D9-A82E-40AC1BC79D75}"
EndProject
Project("{8BC9CEB8-8B4A-11D0-8D11-00A0C91BC942}") = "mod_auth_simple", "plugins\mod_auth_simple\mod_auth_simple.vcxproj", "{A6674BB3-1B23-4E99-AF9B-1CCDB4EB049A}"
	ProjectSection(ProjectDependencies) = postProject
		{0A3C1519-D877-47D9-A82E-40AC1BC79D75} = {0A3C1519-D877-47D9-A82E-40AC1BC79D75}
	EndProjectSection
EndProject
Project("{8BC9CEB8-8B4A-11D0-8D11-00A0C91BC942}") = "mod_example", "plugins\mod_example\mod_example.vcxproj", "{9BBAEFDA-8E0E-4E7F-B8B6-0050432FC45B}"
	ProjectSection(ProjectDependencies) = postProject
		{0A3C1519-D877-47D9-A82E-40AC1BC79D75} = {0A3C1519-D877-47D9-A82E-40AC1BC79D75}
	EndProjectSection
EndProject
Project("{8BC9CEB8-8B4A-11D0-8D11-00A0C91BC942}") = "mod_auth_sqlite", "plugins\mod_auth_sqlite\mod_auth_sqlite.vcxproj", "{0EF03E84-2720-4616-A5BE-4D5737F68445}"
	ProjectSection(ProjectDependencies) = postProject
		{0A3C1519-D877-47D9-A82E-40AC1BC79D75} = {0A3C1519-D877-47D9-A82E-40AC1BC79D75}
		{A4FC9D62-D544-4D2A-88D7-A58529C3460B} = {A4FC9D62-D544-4D2A-88D7-A58529C3460B}
	EndProjectSection
EndProject
Project("{8BC9CEB8-8B4A-11D0-8D11-00A0C91BC942}") = "sqlite", "thirdparty\sqlite\sqlite.vcxproj", "{A4FC9D62-D544-4D2A-88D7-A58529C3460B}"
EndProject
Project("{8BC9CEB8-8B4A-11D0-8D11-00A0C91BC942}") = "uhub-passwd", "uhub-passwd\uhub-passwd.vcxproj", "{E92EB860-AE9E-4532-A75F-0929A7BCF6D0}"
	ProjectSection(ProjectDependencies) = postProject
		{0A3C1519-D877-47D9-A82E-40AC1BC79D75} = {0A3C1519-D877-47D9-A82E-40AC1BC79D75}
		{A4FC9D62-D544-4D2A-88D7-A58529C3460B} = {A4FC9D62-D544-4D2A-88D7-A58529C3460B}
	EndProjectSection
EndProject
Project("{8BC9CEB8-8B4A-11D0-8D11-00A0C91BC942}") = "mod_topic", "plugins\mod_topic\mod_topic.vcxproj", "{9BBAEFDA-8E0E-4E7F-B8B6-00A3432FC45B}"
	ProjectSection(ProjectDependencies) = postProject
		{0A3C1519-D877-47D9-A82E-40AC1BC79D75} = {0A3C1519-D877-47D9-A82E-40AC1BC79D75}
		{98D8BFE9-DACD-40E1-B7BE-C9079ABF832E} = {98D8BFE9-DACD-40E1-B7BE-C9079ABF832E}
	EndProjectSection
EndProject
Global
	GlobalSection(SolutionConfigurationPlatforms) = preSolution
		Debug|Win32 = Debug|Win32
		Release|Win32 = Release|Win32
	EndGlobalSection
	GlobalSection(ProjectConfigurationPlatforms) = postSolution
		{98D8BFE9-DACD-40E1-B7BE-C9079ABF832E}.Debug|Win32.ActiveCfg = Debug|Win32
		{98D8BFE9-DACD-40E1-B7BE-C9079ABF832E}.Debug|Win32.Build.0 = Debug|Win32
		{98D8BFE9-DACD-40E1-B7BE-C9079ABF832E}.Release|Win32.ActiveCfg = Release|Win32
		{98D8BFE9-DACD-40E1-B7BE-C9079ABF832E}.Release|Win32.Build.0 = Release|Win32
		{0A3C1519-D877-47D9-A82E-40AC1BC79D75}.Debug|Win32.ActiveCfg = Debug|Win32
		{0A3C1519-D877-47D9-A82E-40AC1BC79D75}.Debug|Win32.Build.0 = Debug|Win32
		{0A3C1519-D877-47D9-A82E-40AC1BC79D75}.Release|Win32.ActiveCfg = Release|Win32
		{0A3C1519-D877-47D9-A82E-40AC1BC79D75}.Release|Win32.Build.0 = Release|Win32
		{A6674BB3-1B23-4E99-AF9B-1CCDB4EB049A}.Debug|Win32.ActiveCfg = Debug|Win32
		{A6674BB3-1B23-4E99-AF9B-1CCDB4EB049A}.Debug|Win32.Build.0 = Debug|Win32
		{A6674BB3-1B23-4E99-AF9B-1CCDB4EB049A}.Release|Win32.ActiveCfg = Release|Win32
		{A6674BB3-1B23-4E99-AF9B-1CCDB4EB049A}.Release|Win32.Build.0 = Release|Win32
		{9BBAEFDA-8E0E-4E7F-B8B6-0050432FC45B}.Debug|Win32.ActiveCfg = Debug|Win32
		{9BBAEFDA-8E0E-4E7F-B8B6-0050432FC45B}.Debug|Win32.Build.0 = Debug|Win32
		{9BBAEFDA-8E0E-4E7F-B8B6-0050432FC45B}.Release|Win32.ActiveCfg = Release|Win32
		{9BBAEFDA-8E0E-4E7F-B8B6-0050432FC45B}.Release|Win32.Build.0 = Release|Win32
		{0EF03E84-2720-4616-A5BE-4D5737F68445}.Debug|Win32.ActiveCfg = Debug|Win32
		{0EF03E84-2720-4616-A5BE-4D5737F68445}.Debug|Win32.Build.0 = Debug|Win32
		{0EF03E84-2720-4616-A5BE-4D5737F68445}.Release|Win32.ActiveCfg = Release|Win32
		{0EF03E84-2720-4616-A5BE-4D5737F68445}.Release|Win32.Build.0 = Release|Win32
		{A4FC9D62-D544-4D2A-88D7-A58529C3460B}.Debug|Win32.ActiveCfg = Debug|Win32
		{A4FC9D62-D544-4D2A-88D7-A58529C3460B}.Debug|Win32.Build.0 = Debug|Win32
		{A4FC9D62-D544-4D2A-88D7-A58529C3460B}.Release|Win32.ActiveCfg = Release|Win32
		{A4FC9D62-D544-4D2A-88D7-A58529C3460B}.Release|Win32.Build.0 = Release|Win32
		{E92EB860-AE9E-4532-A75F-0929A7BCF6D0}.Debug|Win32.ActiveCfg = Debug|Win32
		{E92EB860-AE9E-4532-A75F-0929A7BCF6D0}.Debug|Win32.Build.0 = Debug|Win32
		{E92EB860-AE9E-4532-A75F-0929A7BCF6D0}.Release|Win32.ActiveCfg = Release|Win32
		{E92EB860-AE9E-4532-A75F-0929A7BCF6D0}.Release|Win32.Build.0 = Release|Win32
		{9BBAEFDA-8E0E-4E7F-B8B6-00A3432FC45B}.Debug|Win32.ActiveCfg = Debug|Win32
		{9BBAEFDA-8E0E-4E7F-B8B6-00A3432FC45B}.Debug|Win32.Build.0 = Debug|Win32
		{9BBAEFDA-8E0E-4E7F-B8B6-00A3432FC45B}.Release|Win32.ActiveCfg = Release|Win32
		{9BBAEFDA-8E0E-4E7F-B8B6-00A3432FC45B}.Release|Win32.Build.0 = Release|Win32
	EndGlobalSection
	GlobalSection(SolutionProperties) = preSolution
		HideSolutionNode = FALSE
	EndGlobalSection
EndGlobal
